
Microsoft Visual Studio Solution File, Format Version 12.00
# Visual Studio 15
VisualStudioVersion = 15.0.27130.2010
MinimumVisualStudioVersion = 10.0.40219.1
Project("{F2A71F9B-5D33-465A-A702-920D77279786}") = "quickStats", "quickStats\quickStats.fsproj", "{97D93CA5-A94E-4973-8CA7-5EE2BD037E67}"
EndProject
Project("{F2A71F9B-5D33-465A-A702-920D77279786}") = "unitTesting", "unitTesting\unitTesting.fsproj", "{7794DAB2-9A75-42E0-AA80-9E7CFF2815FB}"
EndProject
Global
	GlobalSection(SolutionConfigurationPlatforms) = preSolution
		Debug|Any CPU = Debug|Any CPU
		Release|Any CPU = Release|Any CPU
	EndGlobalSection
	GlobalSection(ProjectConfigurationPlatforms) = postSolution
		{97D93CA5-A94E-4973-8CA7-5EE2BD037E67}.Debug|Any CPU.ActiveCfg = Debug|Any CPU
		{97D93CA5-A94E-4973-8CA7-5EE2BD037E67}.Debug|Any CPU.Build.0 = Debug|Any CPU
		{97D93CA5-A94E-4973-8CA7-5EE2BD037E67}.Release|Any CPU.ActiveCfg = Release|Any CPU
		{97D93CA5-A94E-4973-8CA7-5EE2BD037E67}.Release|Any CPU.Build.0 = Release|Any CPU
		{7794DAB2-9A75-42E0-AA80-9E7CFF2815FB}.Debug|Any CPU.ActiveCfg = Debug|Any CPU
		{7794DAB2-9A75-42E0-AA80-9E7CFF2815FB}.Debug|Any CPU.Build.0 = Debug|Any CPU
		{7794DAB2-9A75-42E0-AA80-9E7CFF2815FB}.Release|Any CPU.ActiveCfg = Release|Any CPU
		{7794DAB2-9A75-42E0-AA80-9E7CFF2815FB}.Release|Any CPU.Build.0 = Release|Any CPU
	EndGlobalSection
	GlobalSection(SolutionProperties) = preSolution
		HideSolutionNode = FALSE
	EndGlobalSection
	GlobalSection(ExtensibilityGlobals) = postSolution
		SolutionGuid = {FB869877-9734-414F-A7E7-A4E89A3971C3}
	EndGlobalSection
EndGlobal
